// !$*UTF8*$!
{
	archiveVersion = 1;
	classes = {
	};
	objectVersion = 46;
	objects = {

/* Begin PBXBuildFile section */
		111F3A011E8FA08C00C4C86D /* Assets.xcassets in Resources */ = {isa = PBXBuildFile; fileRef = 111F3A001E8FA08C00C4C86D /* Assets.xcassets */; };
		111F3A071E8FA73400C4C86D /* GlobalTabBarController.swift in Sources */ = {isa = PBXBuildFile; fileRef = 111F3A061E8FA73400C4C86D /* GlobalTabBarController.swift */; };
		111F3A091E8FA7F400C4C86D /* GlobalView.swift in Sources */ = {isa = PBXBuildFile; fileRef = 111F3A081E8FA7F400C4C86D /* GlobalView.swift */; };
		115257EB1E9035D4000323A4 /* BillingsViewController.swift in Sources */ = {isa = PBXBuildFile; fileRef = 115257EA1E9035D4000323A4 /* BillingsViewController.swift */; };
		115257ED1E903609000323A4 /* billingsDataJSON.swift in Sources */ = {isa = PBXBuildFile; fileRef = 115257EC1E903609000323A4 /* billingsDataJSON.swift */; };
		115257F01E903D6D000323A4 /* GlobalCell.swift in Sources */ = {isa = PBXBuildFile; fileRef = 115257EE1E903D6D000323A4 /* GlobalCell.swift */; };
		115257F11E903D6D000323A4 /* GlobalCell.xib in Resources */ = {isa = PBXBuildFile; fileRef = 115257EF1E903D6D000323A4 /* GlobalCell.xib */; };
		11EF18941E8FF60900780559 /* HistoryDataJson.swift in Sources */ = {isa = PBXBuildFile; fileRef = 11EF18931E8FF60900780559 /* HistoryDataJson.swift */; };
		11EF18961E8FF6B400780559 /* SwiftyJSON.swift in Sources */ = {isa = PBXBuildFile; fileRef = 11EF18951E8FF6B400780559 /* SwiftyJSON.swift */; };
		11EF18981E9006F000780559 /* HistoryViewController.swift in Sources */ = {isa = PBXBuildFile; fileRef = 11EF18971E9006F000780559 /* HistoryViewController.swift */; };
		ED0EC6D51E8F8FF800676018 /* AppDelegate.swift in Sources */ = {isa = PBXBuildFile; fileRef = ED0EC6D41E8F8FF800676018 /* AppDelegate.swift */; };
		ED0EC6DF1E8F8FF800676018 /* LaunchScreen.storyboard in Resources */ = {isa = PBXBuildFile; fileRef = ED0EC6DD1E8F8FF800676018 /* LaunchScreen.storyboard */; };
		ED0EC6E91E8F90D600676018 /* Acutus.swift in Sources */ = {isa = PBXBuildFile; fileRef = ED0EC6E81E8F90D600676018 /* Acutus.swift */; };
		ED0EC6EB1E8F96C300676018 /* ChatViewController.swift in Sources */ = {isa = PBXBuildFile; fileRef = ED0EC6EA1E8F96C300676018 /* ChatViewController.swift */; };
		ED0EC6ED1E8F974F00676018 /* Message.swift in Sources */ = {isa = PBXBuildFile; fileRef = ED0EC6EC1E8F974F00676018 /* Message.swift */; };
		ED0EC6EF1E8F999A00676018 /* User.swift in Sources */ = {isa = PBXBuildFile; fileRef = ED0EC6EE1E8F999A00676018 /* User.swift */; };
		ED0EC6F21E8FA32600676018 /* ReceiverCell.swift in Sources */ = {isa = PBXBuildFile; fileRef = ED0EC6F01E8FA32600676018 /* ReceiverCell.swift */; };
		ED0EC6F31E8FA32600676018 /* ReceiverCell.xib in Resources */ = {isa = PBXBuildFile; fileRef = ED0EC6F11E8FA32600676018 /* ReceiverCell.xib */; };
		ED0EC6F61E8FA33200676018 /* SenderCell.swift in Sources */ = {isa = PBXBuildFile; fileRef = ED0EC6F41E8FA33200676018 /* SenderCell.swift */; };
		ED0EC6F71E8FA33200676018 /* SenderCell.xib in Resources */ = {isa = PBXBuildFile; fileRef = ED0EC6F51E8FA33200676018 /* SenderCell.xib */; };
		ED0EC6F91E8FA3C700676018 /* Supporter.swift in Sources */ = {isa = PBXBuildFile; fileRef = ED0EC6F81E8FA3C700676018 /* Supporter.swift */; };
		ED0EC6FB1E8FA47A00676018 /* Utils.swift in Sources */ = {isa = PBXBuildFile; fileRef = ED0EC6FA1E8FA47A00676018 /* Utils.swift */; };
		ED0EC6FD1E8FA74D00676018 /* ReceiverMessage.swift in Sources */ = {isa = PBXBuildFile; fileRef = ED0EC6FC1E8FA74D00676018 /* ReceiverMessage.swift */; };
		ED0EC6FF1E8FA75C00676018 /* SenderMessage.swift in Sources */ = {isa = PBXBuildFile; fileRef = ED0EC6FE1E8FA75C00676018 /* SenderMessage.swift */; };
		ED0EC7031E8FAE4D00676018 /* Main.storyboard in Resources */ = {isa = PBXBuildFile; fileRef = ED0EC7021E8FAE4D00676018 /* Main.storyboard */; };
		ED0EC7051E8FBF8300676018 /* MessageCell.swift in Sources */ = {isa = PBXBuildFile; fileRef = ED0EC7041E8FBF8300676018 /* MessageCell.swift */; };
		ED0EC7081E8FC0B800676018 /* GlobalNavBar.swift in Sources */ = {isa = PBXBuildFile; fileRef = ED0EC7071E8FC0B800676018 /* GlobalNavBar.swift */; };
		ED0EC70A1E8FC6A600676018 /* MessageLoader.swift in Sources */ = {isa = PBXBuildFile; fileRef = ED0EC7091E8FC6A600676018 /* MessageLoader.swift */; };
		ED0EC7191E90041F00676018 /* PaymentsController.swift in Sources */ = {isa = PBXBuildFile; fileRef = ED0EC7181E90041F00676018 /* PaymentsController.swift */; };
/* End PBXBuildFile section */

/* Begin PBXFileReference section */
		111F3A001E8FA08C00C4C86D /* Assets.xcassets */ = {isa = PBXFileReference; lastKnownFileType = folder.assetcatalog; path = Assets.xcassets; sourceTree = "<group>"; };
		111F3A061E8FA73400C4C86D /* GlobalTabBarController.swift */ = {isa = PBXFileReference; fileEncoding = 4; lastKnownFileType = sourcecode.swift; path = GlobalTabBarController.swift; sourceTree = "<group>"; };
		111F3A081E8FA7F400C4C86D /* GlobalView.swift */ = {isa = PBXFileReference; fileEncoding = 4; lastKnownFileType = sourcecode.swift; path = GlobalView.swift; sourceTree = "<group>"; };
		115257EA1E9035D4000323A4 /* BillingsViewController.swift */ = {isa = PBXFileReference; fileEncoding = 4; lastKnownFileType = sourcecode.swift; path = BillingsViewController.swift; sourceTree = "<group>"; };
		115257EC1E903609000323A4 /* billingsDataJSON.swift */ = {isa = PBXFileReference; fileEncoding = 4; lastKnownFileType = sourcecode.swift; path = billingsDataJSON.swift; sourceTree = "<group>"; };
		115257EE1E903D6D000323A4 /* GlobalCell.swift */ = {isa = PBXFileReference; fileEncoding = 4; lastKnownFileType = sourcecode.swift; name = GlobalCell.swift; path = ../GlobalCell.swift; sourceTree = "<group>"; };
		115257EF1E903D6D000323A4 /* GlobalCell.xib */ = {isa = PBXFileReference; fileEncoding = 4; lastKnownFileType = file.xib; name = GlobalCell.xib; path = ../GlobalCell.xib; sourceTree = "<group>"; };
		11EF18931E8FF60900780559 /* HistoryDataJson.swift */ = {isa = PBXFileReference; fileEncoding = 4; lastKnownFileType = sourcecode.swift; path = HistoryDataJson.swift; sourceTree = "<group>"; };
		11EF18951E8FF6B400780559 /* SwiftyJSON.swift */ = {isa = PBXFileReference; fileEncoding = 4; lastKnownFileType = sourcecode.swift; path = SwiftyJSON.swift; sourceTree = "<group>"; };
		11EF18971E9006F000780559 /* HistoryViewController.swift */ = {isa = PBXFileReference; fileEncoding = 4; lastKnownFileType = sourcecode.swift; path = HistoryViewController.swift; sourceTree = "<group>"; };
		ED0EC6D11E8F8FF800676018 /* RaiffeisenHack.app */ = {isa = PBXFileReference; explicitFileType = wrapper.application; includeInIndex = 0; path = RaiffeisenHack.app; sourceTree = BUILT_PRODUCTS_DIR; };
		ED0EC6D41E8F8FF800676018 /* AppDelegate.swift */ = {isa = PBXFileReference; lastKnownFileType = sourcecode.swift; path = AppDelegate.swift; sourceTree = "<group>"; };
		ED0EC6DE1E8F8FF800676018 /* Base */ = {isa = PBXFileReference; lastKnownFileType = file.storyboard; name = Base; path = Base.lproj/LaunchScreen.storyboard; sourceTree = "<group>"; };
		ED0EC6E01E8F8FF800676018 /* Info.plist */ = {isa = PBXFileReference; lastKnownFileType = text.plist.xml; path = Info.plist; sourceTree = "<group>"; };
		ED0EC6E81E8F90D600676018 /* Acutus.swift */ = {isa = PBXFileReference; fileEncoding = 4; lastKnownFileType = sourcecode.swift; path = Acutus.swift; sourceTree = "<group>"; };
		ED0EC6EA1E8F96C300676018 /* ChatViewController.swift */ = {isa = PBXFileReference; fileEncoding = 4; lastKnownFileType = sourcecode.swift; path = ChatViewController.swift; sourceTree = "<group>"; };
		ED0EC6EC1E8F974F00676018 /* Message.swift */ = {isa = PBXFileReference; fileEncoding = 4; lastKnownFileType = sourcecode.swift; path = Message.swift; sourceTree = "<group>"; };
		ED0EC6EE1E8F999A00676018 /* User.swift */ = {isa = PBXFileReference; fileEncoding = 4; lastKnownFileType = sourcecode.swift; path = User.swift; sourceTree = "<group>"; };
		ED0EC6F01E8FA32600676018 /* ReceiverCell.swift */ = {isa = PBXFileReference; fileEncoding = 4; lastKnownFileType = sourcecode.swift; path = ReceiverCell.swift; sourceTree = "<group>"; };
		ED0EC6F11E8FA32600676018 /* ReceiverCell.xib */ = {isa = PBXFileReference; fileEncoding = 4; lastKnownFileType = file.xib; path = ReceiverCell.xib; sourceTree = "<group>"; };
		ED0EC6F41E8FA33200676018 /* SenderCell.swift */ = {isa = PBXFileReference; fileEncoding = 4; lastKnownFileType = sourcecode.swift; path = SenderCell.swift; sourceTree = "<group>"; };
		ED0EC6F51E8FA33200676018 /* SenderCell.xib */ = {isa = PBXFileReference; fileEncoding = 4; lastKnownFileType = file.xib; path = SenderCell.xib; sourceTree = "<group>"; };
		ED0EC6F81E8FA3C700676018 /* Supporter.swift */ = {isa = PBXFileReference; fileEncoding = 4; lastKnownFileType = sourcecode.swift; path = Supporter.swift; sourceTree = "<group>"; };
		ED0EC6FA1E8FA47A00676018 /* Utils.swift */ = {isa = PBXFileReference; fileEncoding = 4; lastKnownFileType = sourcecode.swift; path = Utils.swift; sourceTree = "<group>"; };
		ED0EC6FC1E8FA74D00676018 /* ReceiverMessage.swift */ = {isa = PBXFileReference; fileEncoding = 4; lastKnownFileType = sourcecode.swift; path = ReceiverMessage.swift; sourceTree = "<group>"; };
		ED0EC6FE1E8FA75C00676018 /* SenderMessage.swift */ = {isa = PBXFileReference; fileEncoding = 4; lastKnownFileType = sourcecode.swift; path = SenderMessage.swift; sourceTree = "<group>"; };
		ED0EC7021E8FAE4D00676018 /* Main.storyboard */ = {isa = PBXFileReference; fileEncoding = 4; lastKnownFileType = file.storyboard; path = Main.storyboard; sourceTree = "<group>"; };
		ED0EC7041E8FBF8300676018 /* MessageCell.swift */ = {isa = PBXFileReference; fileEncoding = 4; lastKnownFileType = sourcecode.swift; path = MessageCell.swift; sourceTree = "<group>"; };
		ED0EC7071E8FC0B800676018 /* GlobalNavBar.swift */ = {isa = PBXFileReference; fileEncoding = 4; lastKnownFileType = sourcecode.swift; path = GlobalNavBar.swift; sourceTree = "<group>"; };
		ED0EC7091E8FC6A600676018 /* MessageLoader.swift */ = {isa = PBXFileReference; fileEncoding = 4; lastKnownFileType = sourcecode.swift; path = MessageLoader.swift; sourceTree = "<group>"; };
		ED0EC7181E90041F00676018 /* PaymentsController.swift */ = {isa = PBXFileReference; fileEncoding = 4; lastKnownFileType = sourcecode.swift; path = PaymentsController.swift; sourceTree = "<group>"; };
/* End PBXFileReference section */

/* Begin PBXFrameworksBuildPhase section */
		ED0EC6CE1E8F8FF800676018 /* Frameworks */ = {
			isa = PBXFrameworksBuildPhase;
			buildActionMask = 2147483647;
			files = (
			);
			runOnlyForDeploymentPostprocessing = 0;
		};
/* End PBXFrameworksBuildPhase section */

/* Begin PBXGroup section */
		111F3A0A1E8FA8F400C4C86D /* Global objects */ = {
			isa = PBXGroup;
			children = (
				111F3A061E8FA73400C4C86D /* GlobalTabBarController.swift */,
				111F3A081E8FA7F400C4C86D /* GlobalView.swift */,
				ED0EC7071E8FC0B800676018 /* GlobalNavBar.swift */,
			);
			name = "Global objects";
			sourceTree = "<group>";
		};
		115257E91E90359F000323A4 /* BillingsViewController */ = {
			isa = PBXGroup;
			children = (
				115257EA1E9035D4000323A4 /* BillingsViewController.swift */,
				115257EC1E903609000323A4 /* billingsDataJSON.swift */,
			);
			name = BillingsViewController;
			sourceTree = "<group>";
		};
		11EF18921E8FF57C00780559 /* HistoryViewController */ = {
			isa = PBXGroup;
			children = (
				11EF18931E8FF60900780559 /* HistoryDataJson.swift */,
				11EF18971E9006F000780559 /* HistoryViewController.swift */,
			);
			name = HistoryViewController;
			sourceTree = "<group>";
		};
		ED0EC6C81E8F8FF800676018 = {
			isa = PBXGroup;
			children = (
				ED0EC6D31E8F8FF800676018 /* RaiffeisenHack */,
				ED0EC6D21E8F8FF800676018 /* Products */,
			);
			sourceTree = "<group>";
		};
		ED0EC6D21E8F8FF800676018 /* Products */ = {
			isa = PBXGroup;
			children = (
				ED0EC6D11E8F8FF800676018 /* RaiffeisenHack.app */,
			);
			name = Products;
			sourceTree = "<group>";
		};
		ED0EC6D31E8F8FF800676018 /* RaiffeisenHack */ = {
			isa = PBXGroup;
			children = (
				ED0EC7021E8FAE4D00676018 /* Main.storyboard */,
				111F3A0A1E8FA8F400C4C86D /* Global objects */,
				ED0EC6E71E8F90A000676018 /* Supporting Files */,
				ED0EC6E81E8F90D600676018 /* Acutus.swift */,
				ED0EC6EA1E8F96C300676018 /* ChatViewController.swift */,
				ED0EC7091E8FC6A600676018 /* MessageLoader.swift */,
				115257EE1E903D6D000323A4 /* GlobalCell.swift */,
				115257EF1E903D6D000323A4 /* GlobalCell.xib */,
				11EF18921E8FF57C00780559 /* HistoryViewController */,
				ED0EC6FC1E8FA74D00676018 /* ReceiverMessage.swift */,
				115257E91E90359F000323A4 /* BillingsViewController */,
				ED0EC6FE1E8FA75C00676018 /* SenderMessage.swift */,
				ED0EC7061E8FBFF300676018 /* ChatCells */,
				ED0EC6EC1E8F974F00676018 /* Message.swift */,
				ED0EC6F81E8FA3C700676018 /* Supporter.swift */,
				ED0EC6EE1E8F999A00676018 /* User.swift */,
				ED0EC7181E90041F00676018 /* PaymentsController.swift */,
			);
			path = RaiffeisenHack;
			sourceTree = "<group>";
		};
		ED0EC6E71E8F90A000676018 /* Supporting Files */ = {
			isa = PBXGroup;
			children = (
				11EF18951E8FF6B400780559 /* SwiftyJSON.swift */,
				ED0EC6D41E8F8FF800676018 /* AppDelegate.swift */,
				ED0EC6E01E8F8FF800676018 /* Info.plist */,
				111F3A001E8FA08C00C4C86D /* Assets.xcassets */,
				ED0EC6DD1E8F8FF800676018 /* LaunchScreen.storyboard */,
				ED0EC6FA1E8FA47A00676018 /* Utils.swift */,
			);
			name = "Supporting Files";
			sourceTree = "<group>";
		};
		ED0EC7061E8FBFF300676018 /* ChatCells */ = {
			isa = PBXGroup;
			children = (
				ED0EC7041E8FBF8300676018 /* MessageCell.swift */,
				ED0EC6F01E8FA32600676018 /* ReceiverCell.swift */,
				ED0EC6F11E8FA32600676018 /* ReceiverCell.xib */,
				ED0EC6F41E8FA33200676018 /* SenderCell.swift */,
				ED0EC6F51E8FA33200676018 /* SenderCell.xib */,
			);
			name = ChatCells;
			sourceTree = "<group>";
		};
/* End PBXGroup section */

/* Begin PBXNativeTarget section */
		ED0EC6D01E8F8FF800676018 /* RaiffeisenHack */ = {
			isa = PBXNativeTarget;
			buildConfigurationList = ED0EC6E31E8F8FF800676018 /* Build configuration list for PBXNativeTarget "RaiffeisenHack" */;
			buildPhases = (
				ED0EC6CD1E8F8FF800676018 /* Sources */,
				ED0EC6CE1E8F8FF800676018 /* Frameworks */,
				ED0EC6CF1E8F8FF800676018 /* Resources */,
			);
			buildRules = (
			);
			dependencies = (
			);
			name = RaiffeisenHack;
			productName = RaiffeisenHack;
			productReference = ED0EC6D11E8F8FF800676018 /* RaiffeisenHack.app */;
			productType = "com.apple.product-type.application";
		};
/* End PBXNativeTarget section */

/* Begin PBXProject section */
		ED0EC6C91E8F8FF800676018 /* Project object */ = {
			isa = PBXProject;
			attributes = {
				LastSwiftUpdateCheck = 0820;
				LastUpgradeCheck = 0820;
				ORGANIZATIONNAME = "Kirill Korolev";
				TargetAttributes = {
					ED0EC6D01E8F8FF800676018 = {
						CreatedOnToolsVersion = 8.2.1;
						DevelopmentTeam = AW37662HE7;
						ProvisioningStyle = Automatic;
					};
				};
			};
			buildConfigurationList = ED0EC6CC1E8F8FF800676018 /* Build configuration list for PBXProject "RaiffeisenHack" */;
			compatibilityVersion = "Xcode 3.2";
			developmentRegion = English;
			hasScannedForEncodings = 0;
			knownRegions = (
				en,
				Base,
			);
			mainGroup = ED0EC6C81E8F8FF800676018;
			productRefGroup = ED0EC6D21E8F8FF800676018 /* Products */;
			projectDirPath = "";
			projectRoot = "";
			targets = (
				ED0EC6D01E8F8FF800676018 /* RaiffeisenHack */,
			);
		};
/* End PBXProject section */

/* Begin PBXResourcesBuildPhase section */
		ED0EC6CF1E8F8FF800676018 /* Resources */ = {
			isa = PBXResourcesBuildPhase;
			buildActionMask = 2147483647;
			files = (
				ED0EC6DF1E8F8FF800676018 /* LaunchScreen.storyboard in Resources */,
				ED0EC7031E8FAE4D00676018 /* Main.storyboard in Resources */,
				115257F11E903D6D000323A4 /* GlobalCell.xib in Resources */,
				ED0EC6F31E8FA32600676018 /* ReceiverCell.xib in Resources */,
				ED0EC6F71E8FA33200676018 /* SenderCell.xib in Resources */,
				111F3A011E8FA08C00C4C86D /* Assets.xcassets in Resources */,
			);
			runOnlyForDeploymentPostprocessing = 0;
		};
/* End PBXResourcesBuildPhase section */

/* Begin PBXSourcesBuildPhase section */
		ED0EC6CD1E8F8FF800676018 /* Sources */ = {
			isa = PBXSourcesBuildPhase;
			buildActionMask = 2147483647;
			files = (
				ED0EC7081E8FC0B800676018 /* GlobalNavBar.swift in Sources */,
				111F3A091E8FA7F400C4C86D /* GlobalView.swift in Sources */,
				ED0EC7191E90041F00676018 /* PaymentsController.swift in Sources */,
				111F3A071E8FA73400C4C86D /* GlobalTabBarController.swift in Sources */,
				ED0EC6E91E8F90D600676018 /* Acutus.swift in Sources */,
				ED0EC6FD1E8FA74D00676018 /* ReceiverMessage.swift in Sources */,
				ED0EC6EF1E8F999A00676018 /* User.swift in Sources */,
				ED0EC6ED1E8F974F00676018 /* Message.swift in Sources */,
				ED0EC6F61E8FA33200676018 /* SenderCell.swift in Sources */,
				ED0EC6FB1E8FA47A00676018 /* Utils.swift in Sources */,
				ED0EC6F21E8FA32600676018 /* ReceiverCell.swift in Sources */,
				ED0EC70A1E8FC6A600676018 /* MessageLoader.swift in Sources */,
				ED0EC6FF1E8FA75C00676018 /* SenderMessage.swift in Sources */,
				ED0EC6EB1E8F96C300676018 /* ChatViewController.swift in Sources */,
				115257ED1E903609000323A4 /* billingsDataJSON.swift in Sources */,
				11EF18941E8FF60900780559 /* HistoryDataJson.swift in Sources */,
				ED0EC6F91E8FA3C700676018 /* Supporter.swift in Sources */,
				115257F01E903D6D000323A4 /* GlobalCell.swift in Sources */,
				11EF18961E8FF6B400780559 /* SwiftyJSON.swift in Sources */,
				11EF18981E9006F000780559 /* HistoryViewController.swift in Sources */,
				ED0EC6D51E8F8FF800676018 /* AppDelegate.swift in Sources */,
				ED0EC7051E8FBF8300676018 /* MessageCell.swift in Sources */,
				115257EB1E9035D4000323A4 /* BillingsViewController.swift in Sources */,
			);
			runOnlyForDeploymentPostprocessing = 0;
		};
/* End PBXSourcesBuildPhase section */

/* Begin PBXVariantGroup section */
		ED0EC6DD1E8F8FF800676018 /* LaunchScreen.storyboard */ = {
			isa = PBXVariantGroup;
			children = (
				ED0EC6DE1E8F8FF800676018 /* Base */,
			);
			name = LaunchScreen.storyboard;
			sourceTree = "<group>";
		};
/* End PBXVariantGroup section */

/* Begin XCBuildConfiguration section */
		ED0EC6E11E8F8FF800676018 /* Debug */ = {
			isa = XCBuildConfiguration;
			buildSettings = {
				ALWAYS_SEARCH_USER_PATHS = NO;
				CLANG_ANALYZER_NONNULL = YES;
				CLANG_CXX_LANGUAGE_STANDARD = "gnu++0x";
				CLANG_CXX_LIBRARY = "libc++";
				CLANG_ENABLE_MODULES = YES;
				CLANG_ENABLE_OBJC_ARC = YES;
				CLANG_WARN_BOOL_CONVERSION = YES;
				CLANG_WARN_CONSTANT_CONVERSION = YES;
				CLANG_WARN_DIRECT_OBJC_ISA_USAGE = YES_ERROR;
				CLANG_WARN_DOCUMENTATION_COMMENTS = YES;
				CLANG_WARN_EMPTY_BODY = YES;
				CLANG_WARN_ENUM_CONVERSION = YES;
				CLANG_WARN_INFINITE_RECURSION = YES;
				CLANG_WARN_INT_CONVERSION = YES;
				CLANG_WARN_OBJC_ROOT_CLASS = YES_ERROR;
				CLANG_WARN_SUSPICIOUS_MOVE = YES;
				CLANG_WARN_UNREACHABLE_CODE = YES;
				CLANG_WARN__DUPLICATE_METHOD_MATCH = YES;
				"CODE_SIGN_IDENTITY[sdk=iphoneos*]" = "iPhone Developer";
				COPY_PHASE_STRIP = NO;
				DEBUG_INFORMATION_FORMAT = dwarf;
				ENABLE_STRICT_OBJC_MSGSEND = YES;
				ENABLE_TESTABILITY = YES;
				GCC_C_LANGUAGE_STANDARD = gnu99;
				GCC_DYNAMIC_NO_PIC = NO;
				GCC_NO_COMMON_BLOCKS = YES;
				GCC_OPTIMIZATION_LEVEL = 0;
				GCC_PREPROCESSOR_DEFINITIONS = (
					"DEBUG=1",
					"$(inherited)",
				);
				GCC_WARN_64_TO_32_BIT_CONVERSION = YES;
				GCC_WARN_ABOUT_RETURN_TYPE = YES_ERROR;
				GCC_WARN_UNDECLARED_SELECTOR = YES;
				GCC_WARN_UNINITIALIZED_AUTOS = YES_AGGRESSIVE;
				GCC_WARN_UNUSED_FUNCTION = YES;
				GCC_WARN_UNUSED_VARIABLE = YES;
				IPHONEOS_DEPLOYMENT_TARGET = 10.2;
				MTL_ENABLE_DEBUG_INFO = YES;
				ONLY_ACTIVE_ARCH = YES;
				SDKROOT = iphoneos;
				SWIFT_ACTIVE_COMPILATION_CONDITIONS = DEBUG;
				SWIFT_OPTIMIZATION_LEVEL = "-Onone";
				TARGETED_DEVICE_FAMILY = "1,2";
			};
			name = Debug;
		};
		ED0EC6E21E8F8FF800676018 /* Release */ = {
			isa = XCBuildConfiguration;
			buildSettings = {
				ALWAYS_SEARCH_USER_PATHS = NO;
				CLANG_ANALYZER_NONNULL = YES;
				CLANG_CXX_LANGUAGE_STANDARD = "gnu++0x";
				CLANG_CXX_LIBRARY = "libc++";
				CLANG_ENABLE_MODULES = YES;
				CLANG_ENABLE_OBJC_ARC = YES;
				CLANG_WARN_BOOL_CONVERSION = YES;
				CLANG_WARN_CONSTANT_CONVERSION = YES;
				CLANG_WARN_DIRECT_OBJC_ISA_USAGE = YES_ERROR;
				CLANG_WARN_DOCUMENTATION_COMMENTS = YES;
				CLANG_WARN_EMPTY_BODY = YES;
				CLANG_WARN_ENUM_CONVERSION = YES;
				CLANG_WARN_INFINITE_RECURSION = YES;
				CLANG_WARN_INT_CONVERSION = YES;
				CLANG_WARN_OBJC_ROOT_CLASS = YES_ERROR;
				CLANG_WARN_SUSPICIOUS_MOVE = YES;
				CLANG_WARN_UNREACHABLE_CODE = YES;
				CLANG_WARN__DUPLICATE_METHOD_MATCH = YES;
				"CODE_SIGN_IDENTITY[sdk=iphoneos*]" = "iPhone Developer";
				COPY_PHASE_STRIP = NO;
				DEBUG_INFORMATION_FORMAT = "dwarf-with-dsym";
				ENABLE_NS_ASSERTIONS = NO;
				ENABLE_STRICT_OBJC_MSGSEND = YES;
				GCC_C_LANGUAGE_STANDARD = gnu99;
				GCC_NO_COMMON_BLOCKS = YES;
				GCC_WARN_64_TO_32_BIT_CONVERSION = YES;
				GCC_WARN_ABOUT_RETURN_TYPE = YES_ERROR;
				GCC_WARN_UNDECLARED_SELECTOR = YES;
				GCC_WARN_UNINITIALIZED_AUTOS = YES_AGGRESSIVE;
				GCC_WARN_UNUSED_FUNCTION = YES;
				GCC_WARN_UNUSED_VARIABLE = YES;
				IPHONEOS_DEPLOYMENT_TARGET = 10.2;
				MTL_ENABLE_DEBUG_INFO = NO;
				SDKROOT = iphoneos;
				SWIFT_OPTIMIZATION_LEVEL = "-Owholemodule";
				TARGETED_DEVICE_FAMILY = "1,2";
				VALIDATE_PRODUCT = YES;
			};
			name = Release;
		};
		ED0EC6E41E8F8FF800676018 /* Debug */ = {
			isa = XCBuildConfiguration;
			buildSettings = {
				ASSETCATALOG_COMPILER_APPICON_NAME = AppIcon;
				DEVELOPMENT_TEAM = AW37662HE7;
				INFOPLIST_FILE = RaiffeisenHack/Info.plist;
				LD_RUNPATH_SEARCH_PATHS = "$(inherited) @executable_path/Frameworks";
				PRODUCT_BUNDLE_IDENTIFIER = kirillkorolev.RaiffeisenHack;
				PRODUCT_NAME = "$(TARGET_NAME)";
				SWIFT_VERSION = 3.0;
			};
			name = Debug;
		};
		ED0EC6E51E8F8FF800676018 /* Release */ = {
			isa = XCBuildConfiguration;
			buildSettings = {
				ASSETCATALOG_COMPILER_APPICON_NAME = AppIcon;
				DEVELOPMENT_TEAM = AW37662HE7;
				INFOPLIST_FILE = RaiffeisenHack/Info.plist;
				LD_RUNPATH_SEARCH_PATHS = "$(inherited) @executable_path/Frameworks";
				PRODUCT_BUNDLE_IDENTIFIER = kirillkorolev.RaiffeisenHack;
				PRODUCT_NAME = "$(TARGET_NAME)";
				SWIFT_VERSION = 3.0;
			};
			name = Release;
		};
/* End XCBuildConfiguration section */

/* Begin XCConfigurationList section */
		ED0EC6CC1E8F8FF800676018 /* Build configuration list for PBXProject "RaiffeisenHack" */ = {
			isa = XCConfigurationList;
			buildConfigurations = (
				ED0EC6E11E8F8FF800676018 /* Debug */,
				ED0EC6E21E8F8FF800676018 /* Release */,
			);
			defaultConfigurationIsVisible = 0;
			defaultConfigurationName = Release;
		};
		ED0EC6E31E8F8FF800676018 /* Build configuration list for PBXNativeTarget "RaiffeisenHack" */ = {
			isa = XCConfigurationList;
			buildConfigurations = (
				ED0EC6E41E8F8FF800676018 /* Debug */,
				ED0EC6E51E8F8FF800676018 /* Release */,
			);
			defaultConfigurationIsVisible = 0;
			defaultConfigurationName = Release;
		};
/* End XCConfigurationList section */
	};
	rootObject = ED0EC6C91E8F8FF800676018 /* Project object */;
}
